
Microsoft Visual Studio Solution File, Format Version 12.00
# Visual Studio 2012
Project("{FAE04EC0-301F-11D3-BF4B-00C04F79EFBC}") = "Systm_Web", "Systm_Web\Systm_Web.csproj", "{7D4E7150-336D-4C46-8121-3596BCBA7DA5}"
EndProject
Project("{FAE04EC0-301F-11D3-BF4B-00C04F79EFBC}") = "AccesoDato", "AccesoDato\AccesoDato.csproj", "{C6DAC003-B82F-47D2-94AD-291292AADCD0}"
EndProject
Project("{FAE04EC0-301F-11D3-BF4B-00C04F79EFBC}") = "Entidades", "Entidades\Entidades.csproj", "{D0C58FED-18A5-4E20-8CD1-B78DB2AB4DF9}"
EndProject
Project("{FAE04EC0-301F-11D3-BF4B-00C04F79EFBC}") = "Negocios", "Negocios\Negocios.csproj", "{6D0F94BE-C00C-4280-A675-B7774F8EA60F}"
EndProject
Global
	GlobalSection(SolutionConfigurationPlatforms) = preSolution
		Debug|Any CPU = Debug|Any CPU
		Release|Any CPU = Release|Any CPU
	EndGlobalSection
	GlobalSection(ProjectConfigurationPlatforms) = postSolution
		{7D4E7150-336D-4C46-8121-3596BCBA7DA5}.Debug|Any CPU.ActiveCfg = Debug|Any CPU
		{7D4E7150-336D-4C46-8121-3596BCBA7DA5}.Debug|Any CPU.Build.0 = Debug|Any CPU
		{7D4E7150-336D-4C46-8121-3596BCBA7DA5}.Release|Any CPU.ActiveCfg = Release|Any CPU
		{7D4E7150-336D-4C46-8121-3596BCBA7DA5}.Release|Any CPU.Build.0 = Release|Any CPU
		{C6DAC003-B82F-47D2-94AD-291292AADCD0}.Debug|Any CPU.ActiveCfg = Debug|Any CPU
		{C6DAC003-B82F-47D2-94AD-291292AADCD0}.Debug|Any CPU.Build.0 = Debug|Any CPU
		{C6DAC003-B82F-47D2-94AD-291292AADCD0}.Release|Any CPU.ActiveCfg = Release|Any CPU
		{C6DAC003-B82F-47D2-94AD-291292AADCD0}.Release|Any CPU.Build.0 = Release|Any CPU
		{D0C58FED-18A5-4E20-8CD1-B78DB2AB4DF9}.Debug|Any CPU.ActiveCfg = Debug|Any CPU
		{D0C58FED-18A5-4E20-8CD1-B78DB2AB4DF9}.Debug|Any CPU.Build.0 = Debug|Any CPU
		{D0C58FED-18A5-4E20-8CD1-B78DB2AB4DF9}.Release|Any CPU.ActiveCfg = Release|Any CPU
		{D0C58FED-18A5-4E20-8CD1-B78DB2AB4DF9}.Release|Any CPU.Build.0 = Release|Any CPU
		{6D0F94BE-C00C-4280-A675-B7774F8EA60F}.Debug|Any CPU.ActiveCfg = Debug|Any CPU
		{6D0F94BE-C00C-4280-A675-B7774F8EA60F}.Debug|Any CPU.Build.0 = Debug|Any CPU
		{6D0F94BE-C00C-4280-A675-B7774F8EA60F}.Release|Any CPU.ActiveCfg = Release|Any CPU
		{6D0F94BE-C00C-4280-A675-B7774F8EA60F}.Release|Any CPU.Build.0 = Release|Any CPU
	EndGlobalSection
	GlobalSection(SolutionProperties) = preSolution
		HideSolutionNode = FALSE
	EndGlobalSection
EndGlobal
